
Microsoft Visual Studio Solution File, Format Version 12.00
# Visual Studio Version 16
VisualStudioVersion = 16.0.31402.337
MinimumVisualStudioVersion = 10.0.40219.1
Project("{FAE04EC0-301F-11D3-BF4B-00C04F79EFBC}") = "WebShoe", "WebShoe\WebShoe.csproj", "{90EB9CE7-E06F-4883-B7C2-CD002A6915C7}"
EndProject
Project("{FAE04EC0-301F-11D3-BF4B-00C04F79EFBC}") = "WebShoe.Tests", "WebShoe.Tests\WebShoe.Tests.csproj", "{54092C38-0583-4AE7-9451-A4248713033B}"
EndProject
Global
	GlobalSection(SolutionConfigurationPlatforms) = preSolution
		Debug|Any CPU = Debug|Any CPU
		Release|Any CPU = Release|Any CPU
	EndGlobalSection
	GlobalSection(ProjectConfigurationPlatforms) = postSolution
		{90EB9CE7-E06F-4883-B7C2-CD002A6915C7}.Debug|Any CPU.ActiveCfg = Debug|Any CPU
		{90EB9CE7-E06F-4883-B7C2-CD002A6915C7}.Debug|Any CPU.Build.0 = Debug|Any CPU
		{90EB9CE7-E06F-4883-B7C2-CD002A6915C7}.Release|Any CPU.ActiveCfg = Release|Any CPU
		{90EB9CE7-E06F-4883-B7C2-CD002A6915C7}.Release|Any CPU.Build.0 = Release|Any CPU
		{54092C38-0583-4AE7-9451-A4248713033B}.Debug|Any CPU.ActiveCfg = Debug|Any CPU
		{54092C38-0583-4AE7-9451-A4248713033B}.Debug|Any CPU.Build.0 = Debug|Any CPU
		{54092C38-0583-4AE7-9451-A4248713033B}.Release|Any CPU.ActiveCfg = Release|Any CPU
		{54092C38-0583-4AE7-9451-A4248713033B}.Release|Any CPU.Build.0 = Release|Any CPU
	EndGlobalSection
	GlobalSection(SolutionProperties) = preSolution
		HideSolutionNode = FALSE
	EndGlobalSection
	GlobalSection(ExtensibilityGlobals) = postSolution
		SolutionGuid = {1645E245-1748-4D8D-89D7-56E2B7329522}
	EndGlobalSection
EndGlobal
